
Microsoft Visual Studio Solution File, Format Version 12.00
# Visual Studio 2012
Project("{8BC9CEB8-8B4A-11D0-8D11-00A0C91BC942}") = "Problem4", "Problem4\Problem4.vcxproj", "{C686D1F0-89DA-4A59-BCFC-CE37F336DE8F}"
EndProject
Global
	GlobalSection(SolutionConfigurationPlatforms) = preSolution
		Debug|Win32 = Debug|Win32
		Release|Win32 = Release|Win32
	EndGlobalSection
	GlobalSection(ProjectConfigurationPlatforms) = postSolution
		{C686D1F0-89DA-4A59-BCFC-CE37F336DE8F}.Debug|Win32.ActiveCfg = Debug|Win32
		{C686D1F0-89DA-4A59-BCFC-CE37F336DE8F}.Debug|Win32.Build.0 = Debug|Win32
		{C686D1F0-89DA-4A59-BCFC-CE37F336DE8F}.Release|Win32.ActiveCfg = Release|Win32
		{C686D1F0-89DA-4A59-BCFC-CE37F336DE8F}.Release|Win32.Build.0 = Release|Win32
	EndGlobalSection
	GlobalSection(SolutionProperties) = preSolution
		HideSolutionNode = FALSE
	EndGlobalSection
EndGlobal
